Microsoft Visual Studio Solution File, Format Version 12.00
# Visual Studio Version 17
VisualStudioVersion = 17.5.2.0
MinimumVisualStudioVersion = 10.0.40219.1
Project("{FAE04EC0-301F-11D3-BF4B-00C04F79EFBC}") = "BasmaApi", "BasmaApi\BasmaApi.csproj", "{76CBECB2-850D-81CA-9D3B-9C9A23D12E63}"
EndProject
Global
	GlobalSection(SolutionConfigurationPlatforms) = preSolution
		Debug|Any CPU = Debug|Any CPU
		Release|Any CPU = Release|Any CPU
	EndGlobalSection
	GlobalSection(ProjectConfigurationPlatforms) = postSolution
		{76CBECB2-850D-81CA-9D3B-9C9A23D12E63}.Debug|Any CPU.ActiveCfg = Debug|Any CPU
		{76CBECB2-850D-81CA-9D3B-9C9A23D12E63}.Debug|Any CPU.Build.0 = Debug|Any CPU
		{76CBECB2-850D-81CA-9D3B-9C9A23D12E63}.Release|Any CPU.ActiveCfg = Release|Any CPU
		{76CBECB2-850D-81CA-9D3B-9C9A23D12E63}.Release|Any CPU.Build.0 = Release|Any CPU
	EndGlobalSection
	GlobalSection(SolutionProperties) = preSolution
		HideSolutionNode = FALSE
	EndGlobalSection
	GlobalSection(ExtensibilityGlobals) = postSolution
		SolutionGuid = {58B5A3B6-2231-4EFC-BF05-EB78799EBCB4}
	EndGlobalSection
EndGlobal
